
Microsoft Visual Studio Solution File, Format Version 12.00
# Visual Studio Version 17
VisualStudioVersion = 17.12.35527.113
MinimumVisualStudioVersion = 10.0.40219.1
Project("{00D1A9C2-B5F0-4AF3-8072-F6C62B433612}") = "SOCData", "SOCData\SOCData.sqlproj", "{AC95D220-E981-4C78-B093-C85FEA89F079}"
EndProject
Project("{FAE04EC0-301F-11D3-BF4B-00C04F79EFBC}") = "SOCMobile", "SOCMobile\SOCMobile.csproj", "{F1DADD02-8DF8-41BC-B562-3F13EC163C2C}"
EndProject
Project("{FAE04EC0-301F-11D3-BF4B-00C04F79EFBC}") = "SOCApi", "SOCApi\SOCApi.csproj", "{FDFCD0B7-5E63-4115-A26B-2C37031B97DF}"
EndProject
Project("{54A90642-561A-4BB1-A94E-469ADEE60C69}") = "SOCWeb", "SOCWeb\SOCWeb.esproj", "{466B7DD9-7D08-4903-9CE1-EC6266E78BB0}"
EndProject
Project("{FAE04EC0-301F-11D3-BF4B-00C04F79EFBC}") = "SOCApi.Tests", "SOCApi.Tests\SOCApi.Tests.csproj", "{DF376B7C-830E-4663-BEA2-ADFD3C9CCAB1}"
EndProject
Global
	GlobalSection(SolutionConfigurationPlatforms) = preSolution
		Debug|Any CPU = Debug|Any CPU
		Release|Any CPU = Release|Any CPU
	EndGlobalSection
	GlobalSection(ProjectConfigurationPlatforms) = postSolution
		{AC95D220-E981-4C78-B093-C85FEA89F079}.Debug|Any CPU.ActiveCfg = Debug|Any CPU
		{AC95D220-E981-4C78-B093-C85FEA89F079}.Debug|Any CPU.Build.0 = Debug|Any CPU
		{AC95D220-E981-4C78-B093-C85FEA89F079}.Debug|Any CPU.Deploy.0 = Debug|Any CPU
		{AC95D220-E981-4C78-B093-C85FEA89F079}.Release|Any CPU.ActiveCfg = Release|Any CPU
		{AC95D220-E981-4C78-B093-C85FEA89F079}.Release|Any CPU.Build.0 = Release|Any CPU
		{AC95D220-E981-4C78-B093-C85FEA89F079}.Release|Any CPU.Deploy.0 = Release|Any CPU
		{F1DADD02-8DF8-41BC-B562-3F13EC163C2C}.Debug|Any CPU.ActiveCfg = Debug|Any CPU
		{F1DADD02-8DF8-41BC-B562-3F13EC163C2C}.Debug|Any CPU.Build.0 = Debug|Any CPU
		{F1DADD02-8DF8-41BC-B562-3F13EC163C2C}.Debug|Any CPU.Deploy.0 = Debug|Any CPU
		{F1DADD02-8DF8-41BC-B562-3F13EC163C2C}.Release|Any CPU.ActiveCfg = Release|Any CPU
		{F1DADD02-8DF8-41BC-B562-3F13EC163C2C}.Release|Any CPU.Build.0 = Release|Any CPU
		{FDFCD0B7-5E63-4115-A26B-2C37031B97DF}.Debug|Any CPU.ActiveCfg = Debug|Any CPU
		{FDFCD0B7-5E63-4115-A26B-2C37031B97DF}.Debug|Any CPU.Build.0 = Debug|Any CPU
		{FDFCD0B7-5E63-4115-A26B-2C37031B97DF}.Release|Any CPU.ActiveCfg = Release|Any CPU
		{FDFCD0B7-5E63-4115-A26B-2C37031B97DF}.Release|Any CPU.Build.0 = Release|Any CPU
		{466B7DD9-7D08-4903-9CE1-EC6266E78BB0}.Debug|Any CPU.ActiveCfg = Debug|Any CPU
		{466B7DD9-7D08-4903-9CE1-EC6266E78BB0}.Debug|Any CPU.Build.0 = Debug|Any CPU
		{466B7DD9-7D08-4903-9CE1-EC6266E78BB0}.Debug|Any CPU.Deploy.0 = Debug|Any CPU
		{466B7DD9-7D08-4903-9CE1-EC6266E78BB0}.Release|Any CPU.ActiveCfg = Release|Any CPU
		{466B7DD9-7D08-4903-9CE1-EC6266E78BB0}.Release|Any CPU.Build.0 = Release|Any CPU
		{466B7DD9-7D08-4903-9CE1-EC6266E78BB0}.Release|Any CPU.Deploy.0 = Release|Any CPU
		{DF376B7C-830E-4663-BEA2-ADFD3C9CCAB1}.Debug|Any CPU.ActiveCfg = Debug|Any CPU
		{DF376B7C-830E-4663-BEA2-ADFD3C9CCAB1}.Debug|Any CPU.Build.0 = Debug|Any CPU
		{DF376B7C-830E-4663-BEA2-ADFD3C9CCAB1}.Release|Any CPU.ActiveCfg = Release|Any CPU
		{DF376B7C-830E-4663-BEA2-ADFD3C9CCAB1}.Release|Any CPU.Build.0 = Release|Any CPU
	EndGlobalSection
	GlobalSection(SolutionProperties) = preSolution
		HideSolutionNode = FALSE
	EndGlobalSection
EndGlobal
